
Microsoft Visual Studio Solution File, Format Version 12.00
# Visual Studio Version 16
VisualStudioVersion = 16.0.29519.87
MinimumVisualStudioVersion = 10.0.40219.1
Project("{FAE04EC0-301F-11D3-BF4B-00C04F79EFBC}") = "Aq.ExpressionJsonSerializer", "Aq.ExpressionJsonSerializer\Aq.ExpressionJsonSerializer.csproj", "{ACC650AA-C603-4783-BD16-AE3CE3A9A45D}"
EndProject
Project("{FAE04EC0-301F-11D3-BF4B-00C04F79EFBC}") = "Aq.ExpressionJsonSerializer.Tests", "Aq.ExpressionJsonSerializer.Tests\Aq.ExpressionJsonSerializer.Tests.csproj", "{F67FD39A-95BC-45C5-B169-798B9367FC55}"
EndProject
Global
	GlobalSection(SolutionConfigurationPlatforms) = preSolution
		Debug|Any CPU = Debug|Any CPU
		Release|Any CPU = Release|Any CPU
	EndGlobalSection
	GlobalSection(ProjectConfigurationPlatforms) = postSolution
		{ACC650AA-C603-4783-BD16-AE3CE3A9A45D}.Debug|Any CPU.ActiveCfg = Debug|Any CPU
		{ACC650AA-C603-4783-BD16-AE3CE3A9A45D}.Debug|Any CPU.Build.0 = Debug|Any CPU
		{ACC650AA-C603-4783-BD16-AE3CE3A9A45D}.Release|Any CPU.ActiveCfg = Release|Any CPU
		{ACC650AA-C603-4783-BD16-AE3CE3A9A45D}.Release|Any CPU.Build.0 = Release|Any CPU
		{F67FD39A-95BC-45C5-B169-798B9367FC55}.Debug|Any CPU.ActiveCfg = Debug|Any CPU
		{F67FD39A-95BC-45C5-B169-798B9367FC55}.Debug|Any CPU.Build.0 = Debug|Any CPU
		{F67FD39A-95BC-45C5-B169-798B9367FC55}.Release|Any CPU.ActiveCfg = Release|Any CPU
		{F67FD39A-95BC-45C5-B169-798B9367FC55}.Release|Any CPU.Build.0 = Release|Any CPU
	EndGlobalSection
	GlobalSection(SolutionProperties) = preSolution
		HideSolutionNode = FALSE
	EndGlobalSection
	GlobalSection(ExtensibilityGlobals) = postSolution
		SolutionGuid = {E7347509-D9F3-40A9-84F7-295F1497FAA0}
	EndGlobalSection
EndGlobal
